github.com/Lei2050/array-pool v0.0.0-20250317061816-9a5b3fe1f922 h1:nYNSza34YU4XmOLcj7RRfi4TTKPah0xzM763Da/fxN4=
github.com/Lei2050/array-pool v0.0.0-20250317061816-9a5b3fe1f922/go.mod h1:gibb3TuyJemOlQsmAX33ILaQH8mI0WZ2H3QJVc/7+vc=
github.com/Lei2050/array-pool v0.0.0-20250317143019-9c330acd9acf h1:f991GZIyiT7WsEGvofQzlRl0ZwhDclW2Z6HUAogmtOE=
github.com/Lei2050/array-pool v0.0.0-20250317143019-9c330acd9acf/go.mod h1:gibb3TuyJemOlQsmAX33ILaQH8mI0WZ2H3QJVc/7+vc=
